{
  "name": "package",
  "version": "1.0.0",
  "lockfileVersion": 1,
  "requires": true,
  "dependencies": {
    "array-parallel": {
      "version": "0.1.3",
      "resolved": "http://registry.npm.taobao.org/array-parallel/download/array-parallel-0.1.3.tgz",
      "dev": true
    },
    "array-series": {
      "version": "0.1.5",
      "resolved": "http://registry.npm.taobao.org/array-series/download/array-series-0.1.5.tgz",
      "dev": true
    },
    "asap": {
      "version": "2.0.6",
      "resolved": "https://registry.npmjs.org/asap/-/asap-2.0.6.tgz",
      "integrity": "sha1-5QNHYR1+aQlDIIu9r+vLwvuGbUY=",
      "dev": true
    },
    "bluebird": {
      "version": "3.5.1",
      "resolved": "http://registry.npm.taobao.org/bluebird/download/bluebird-3.5.1.tgz",
      "integrity": "sha512-MKiLiV+I1AA596t9w1sQJ8jkiSr5+ZKi0WKrYGUn6d1Fx+Ij4tIj+m2WMQSGczs5jZVxV339chE8iwk6F64wjA==",
      "dev": true
    },
    "cross-spawn": {
      "version": "4.0.2",
      "resolved": "http://registry.npm.taobao.org/cross-spawn/download/cross-spawn-4.0.2.tgz",
      "dev": true,
      "requires": {
        "lru-cache": "^4.0.1",
        "which": "^1.2.9"
      },
      "dependencies": {
        "lru-cache": {
          "version": "4.1.3",
          "bundled": true,
          "dev": true,
          "requires": {
            "pseudomap": "^1.0.2",
            "yallist": "^2.1.2"
          },
          "dependencies": {
            "pseudomap": {
              "version": "1.0.2",
              "bundled": true,
              "dev": true
            },
            "yallist": {
              "version": "2.1.2",
              "bundled": true,
              "dev": true
            }
          }
        },
        "which": {
          "version": "1.3.1",
          "bundled": true,
          "dev": true,
          "requires": {
            "isexe": "^2.0.0"
          },
          "dependencies": {
            "isexe": {
              "version": "2.0.0",
              "bundled": true,
              "dev": true
            }
          }
        }
      }
    },
    "debug": {
      "version": "3.1.0",
      "resolved": "http://registry.npm.taobao.org/debug/download/debug-3.1.0.tgz",
      "integrity": "sha512-OX8XqP7/1a9cqkxYw2yXss15f26NKWBpDXQd0/uK/KPqdQhxbPa994hnzjcE2VqQpDslf55723cKPUOGSmMY3g==",
      "dev": true,
      "requires": {
        "ms": "2.0.0"
      }
    },
    "decimal.js": {
      "version": "10.0.1",
      "resolved": "http://registry.npm.taobao.org/decimal.js/download/decimal.js-10.0.1.tgz",
      "dev": true
    },
    "gm": {
      "version": "1.23.1",
      "resolved": "https://registry.npmjs.org/gm/-/gm-1.23.1.tgz",
      "integrity": "sha1-Lt7rlYCE0PjqeYjl2ZWxx9/BR3c=",
      "dev": true,
      "requires": {
        "array-parallel": "~0.1.3",
        "array-series": "~0.1.5",
        "cross-spawn": "^4.0.0",
        "debug": "^3.1.0"
      }
    },
    "ms": {
      "version": "2.0.0",
      "resolved": "https://registry.npmjs.org/ms/-/ms-2.0.0.tgz",
      "integrity": "sha1-VgiurfwAvmwpAd9fmGF4jeDVl8g=",
      "dev": true
    },
    "promise": {
      "version": "8.0.1",
      "resolved": "http://registry.npm.taobao.org/promise/download/promise-8.0.1.tgz",
      "integrity": "sha512-6NO4VAynZF2J958bGr+U5mPDwK5n7Vi/S0mCW7bke3bJmcALGjCywH8sl6a2eN+xIX6Q1exH2lmqyjR9PKTiwg==",
      "dev": true,
      "requires": {
        "asap": "~2.0.3"
      }
    },
    "uuid": {
      "version": "3.3.2",
      "resolved": "http://registry.npm.taobao.org/uuid/download/uuid-3.3.2.tgz",
      "integrity": "sha512-yXJmeNaw3DnnKAOKJE51sL/ZaYfWJRl1pK9dr19YFCu0ObS231AB1/LbqTKRAQ5kw8A90rA6fr4riOUpTZvQZA=="
    }
  }
}
